
Microsoft Visual Studio Solution File, Format Version 12.00
# Visual Studio 2013
VisualStudioVersion = 12.0.21005.1
MinimumVisualStudioVersion = 10.0.40219.1
Project("{8BC9CEB8-8B4A-11D0-8D11-00A0C91BC942}") = "ShellExtension", "ShellExtension\ShellExtension.vcxproj", "{A92EBCE0-2E73-4947-A5ED-5579ECC9197C}"
EndProject
Global
	GlobalSection(SolutionConfigurationPlatforms) = preSolution
		Debug|Win32 = Debug|Win32
		Debug|x64 = Debug|x64
		Release|Win32 = Release|Win32
		Release|x64 = Release|x64
	EndGlobalSection
	GlobalSection(ProjectConfigurationPlatforms) = postSolution
		{A92EBCE0-2E73-4947-A5ED-5579ECC9197C}.Debug|Win32.ActiveCfg = Debug|Win32
		{A92EBCE0-2E73-4947-A5ED-5579ECC9197C}.Debug|Win32.Build.0 = Debug|Win32
		{A92EBCE0-2E73-4947-A5ED-5579ECC9197C}.Debug|x64.ActiveCfg = Debug|x64
		{A92EBCE0-2E73-4947-A5ED-5579ECC9197C}.Debug|x64.Build.0 = Debug|x64
		{A92EBCE0-2E73-4947-A5ED-5579ECC9197C}.Release|Win32.ActiveCfg = Release|Win32
		{A92EBCE0-2E73-4947-A5ED-5579ECC9197C}.Release|Win32.Build.0 = Release|Win32
<<<<<<< HEAD
		{A92EBCE0-2E73-4947-A5ED-5579ECC9197C}.Release|x64.ActiveCfg = Release|x64
		{A92EBCE0-2E73-4947-A5ED-5579ECC9197C}.Release|x64.Build.0 = Release|x64
=======
		{A92EBCE0-2E73-4947-A5ED-5579ECC9197C}.Release|x64.ActiveCfg = Release|Win32
		{A92EBCE0-2E73-4947-A5ED-5579ECC9197C}.Release|x64.Build.0 = Release|Win32
>>>>>>> 708489154a0bcdd7dba436aca7ea7b7864dc43c0
	EndGlobalSection
	GlobalSection(SolutionProperties) = preSolution
		HideSolutionNode = FALSE
	EndGlobalSection
EndGlobal
